
Microsoft Visual Studio Solution File, Format Version 12.00
# Visual Studio Version 16
VisualStudioVersion = 16.0.30804.86
MinimumVisualStudioVersion = 10.0.40219.1
Project("{FAE04EC0-301F-11D3-BF4B-00C04F79EFBC}") = "Vrnz2.Infra.Cache", "Vrnz2.Infra.Cache\Vrnz2.Infra.Cache.csproj", "{17588B0A-A8A4-49DA-A186-2C018C2D0AF4}"
EndProject
Project("{FAE04EC0-301F-11D3-BF4B-00C04F79EFBC}") = "Vrnz2.Infra.Cache.MemoryCache", "Vrnz2.Infra.Cache.MemoryCache\Vrnz2.Infra.Cache.MemoryCache.csproj", "{7D7912BD-739B-44FA-949A-03E31958268D}"
EndProject
Global
	GlobalSection(SolutionConfigurationPlatforms) = preSolution
		Debug|Any CPU = Debug|Any CPU
		Release|Any CPU = Release|Any CPU
	EndGlobalSection
	GlobalSection(ProjectConfigurationPlatforms) = postSolution
		{17588B0A-A8A4-49DA-A186-2C018C2D0AF4}.Debug|Any CPU.ActiveCfg = Debug|Any CPU
		{17588B0A-A8A4-49DA-A186-2C018C2D0AF4}.Debug|Any CPU.Build.0 = Debug|Any CPU
		{17588B0A-A8A4-49DA-A186-2C018C2D0AF4}.Release|Any CPU.ActiveCfg = Release|Any CPU
		{17588B0A-A8A4-49DA-A186-2C018C2D0AF4}.Release|Any CPU.Build.0 = Release|Any CPU
		{7D7912BD-739B-44FA-949A-03E31958268D}.Debug|Any CPU.ActiveCfg = Debug|Any CPU
		{7D7912BD-739B-44FA-949A-03E31958268D}.Debug|Any CPU.Build.0 = Debug|Any CPU
		{7D7912BD-739B-44FA-949A-03E31958268D}.Release|Any CPU.ActiveCfg = Release|Any CPU
		{7D7912BD-739B-44FA-949A-03E31958268D}.Release|Any CPU.Build.0 = Release|Any CPU
	EndGlobalSection
	GlobalSection(SolutionProperties) = preSolution
		HideSolutionNode = FALSE
	EndGlobalSection
	GlobalSection(ExtensibilityGlobals) = postSolution
		SolutionGuid = {9006BF28-0B08-4FD8-8FB9-627B4708E2CD}
	EndGlobalSection
EndGlobal
